// !$*UTF8*$!
{
	archiveVersion = 1;
	classes = {
	};
	objectVersion = 46;
	objects = {

/* Begin PBXBuildFile section */
		4A0D111C1332C8F900507127 /* README.txt in Resources */ = {isa = PBXBuildFile; fileRef = 4A0D111B1332C8F900507127 /* README.txt */; };
		4A0D11221332D33500507127 /* MultiplicationProblemGenerator.m in Sources */ = {isa = PBXBuildFile; fileRef = 4A0D11211332D33500507127 /* MultiplicationProblemGenerator.m */; };
		4A0D11251332DA7300507127 /* RandomNumberGenerator.m in Sources */ = {isa = PBXBuildFile; fileRef = 4A0D11241332DA7200507127 /* RandomNumberGenerator.m */; };
		4A0D112A1332FAE500507127 /* MultiplicationExam.m in Sources */ = {isa = PBXBuildFile; fileRef = 4A0D11291332FAE500507127 /* MultiplicationExam.m */; };
		4A0D112F1333193F00507127 /* InversionProblemGenerator.m in Sources */ = {isa = PBXBuildFile; fileRef = 4A0D112E1333193F00507127 /* InversionProblemGenerator.m */; };
		4A0D11321333D16F00507127 /* InversionExam.m in Sources */ = {isa = PBXBuildFile; fileRef = 4A0D11311333D16E00507127 /* InversionExam.m */; };
		4A223D92133193BC0014A592 /* NumberFormatterFactory.m in Sources */ = {isa = PBXBuildFile; fileRef = 4A223D91133193BC0014A592 /* NumberFormatterFactory.m */; };
		4A7613EF13341DFC008FCBD1 /* SimpleSquaresProblemGenerator.m in Sources */ = {isa = PBXBuildFile; fileRef = 4A7613EE13341DFC008FCBD1 /* SimpleSquaresProblemGenerator.m */; };
		4A7613F31334249A008FCBD1 /* CompoundFractionsProblemGenerator.m in Sources */ = {isa = PBXBuildFile; fileRef = 4A7613F21334249A008FCBD1 /* CompoundFractionsProblemGenerator.m */; };
		4A7613F913342AF1008FCBD1 /* CompoundFractionsExam.m in Sources */ = {isa = PBXBuildFile; fileRef = 4A7613F813342AF0008FCBD1 /* CompoundFractionsExam.m */; };
		4A7613FC13342B28008FCBD1 /* SimpleSquaresExam.m in Sources */ = {isa = PBXBuildFile; fileRef = 4A7613FB13342B27008FCBD1 /* SimpleSquaresExam.m */; };
		4A8452491337034E00D97967 /* PowersProblemGenerator.m in Sources */ = {isa = PBXBuildFile; fileRef = 4A8452481337034E00D97967 /* PowersProblemGenerator.m */; };
		4A8FFC30133039D60083C5FA /* ProblemGenerator.m in Sources */ = {isa = PBXBuildFile; fileRef = 4A8FFC2F133039D60083C5FA /* ProblemGenerator.m */; };
		4A9703CF132F1EF000EE1263 /* UIKit.framework in Frameworks */ = {isa = PBXBuildFile; fileRef = 4A9703CE132F1EF000EE1263 /* UIKit.framework */; };
		4A9703D1132F1EF000EE1263 /* Foundation.framework in Frameworks */ = {isa = PBXBuildFile; fileRef = 4A9703D0132F1EF000EE1263 /* Foundation.framework */; };
		4A9703D3132F1EF000EE1263 /* CoreGraphics.framework in Frameworks */ = {isa = PBXBuildFile; fileRef = 4A9703D2132F1EF000EE1263 /* CoreGraphics.framework */; };
		4A9703D9132F1EF000EE1263 /* InfoPlist.strings in Resources */ = {isa = PBXBuildFile; fileRef = 4A9703D7132F1EF000EE1263 /* InfoPlist.strings */; };
		4A9703DC132F1EF000EE1263 /* main.m in Sources */ = {isa = PBXBuildFile; fileRef = 4A9703DB132F1EF000EE1263 /* main.m */; };
		4A9703DF132F1EF000EE1263 /* SlideRuleCoachAppDelegate.m in Sources */ = {isa = PBXBuildFile; fileRef = 4A9703DE132F1EF000EE1263 /* SlideRuleCoachAppDelegate.m */; };
		4A9703E2132F1EF000EE1263 /* MainWindow.xib in Resources */ = {isa = PBXBuildFile; fileRef = 4A9703E0132F1EF000EE1263 /* MainWindow.xib */; };
		4A9703E5132F1EF000EE1263 /* RootViewController.m in Sources */ = {isa = PBXBuildFile; fileRef = 4A9703E4132F1EF000EE1263 /* RootViewController.m */; };
		4A9703E8132F1EF000EE1263 /* RootViewController.xib in Resources */ = {isa = PBXBuildFile; fileRef = 4A9703E6132F1EF000EE1263 /* RootViewController.xib */; };
		4A9703F6132F23A400EE1263 /* Exam.m in Sources */ = {isa = PBXBuildFile; fileRef = 4A9703F5132F23A400EE1263 /* Exam.m */; };
		4A9703F9132F28F400EE1263 /* Problem.m in Sources */ = {isa = PBXBuildFile; fileRef = 4A9703F8132F28F400EE1263 /* Problem.m */; };
		4ABF5ABE13343FA500DF4D06 /* ProblemHelpViewController.m in Sources */ = {isa = PBXBuildFile; fileRef = 4ABF5ABC13343FA500DF4D06 /* ProblemHelpViewController.m */; };
		4ABF5ABF13343FA500DF4D06 /* ProblemHelpViewController.xib in Resources */ = {isa = PBXBuildFile; fileRef = 4ABF5ABD13343FA500DF4D06 /* ProblemHelpViewController.xib */; };
		4ABF5AC3133442D600DF4D06 /* ProblemNotesViewController.m in Sources */ = {isa = PBXBuildFile; fileRef = 4ABF5AC1133442D500DF4D06 /* ProblemNotesViewController.m */; };
		4ABF5AC4133442D600DF4D06 /* ProblemNotesViewController.xib in Resources */ = {isa = PBXBuildFile; fileRef = 4ABF5AC2133442D500DF4D06 /* ProblemNotesViewController.xib */; };
		4ACBF0EA13306DE50059BF4C /* Proctor.m in Sources */ = {isa = PBXBuildFile; fileRef = 4ACBF0E913306DE50059BF4C /* Proctor.m */; };
		4ACBF0F513307CDE0059BF4C /* ProblemViewController.m in Sources */ = {isa = PBXBuildFile; fileRef = 4ACBF0F313307CDD0059BF4C /* ProblemViewController.m */; };
		4ACBF0F613307CDE0059BF4C /* ProblemViewController.xib in Resources */ = {isa = PBXBuildFile; fileRef = 4ACBF0F413307CDD0059BF4C /* ProblemViewController.xib */; };
/* End PBXBuildFile section */

/* Begin PBXFileReference section */
		4A0D111B1332C8F900507127 /* README.txt */ = {isa = PBXFileReference; fileEncoding = 4; lastKnownFileType = text; path = README.txt; sourceTree = "<group>"; };
		4A0D11201332D33500507127 /* MultiplicationProblemGenerator.h */ = {isa = PBXFileReference; fileEncoding = 4; lastKnownFileType = sourcecode.c.h; path = MultiplicationProblemGenerator.h; sourceTree = "<group>"; };
		4A0D11211332D33500507127 /* MultiplicationProblemGenerator.m */ = {isa = PBXFileReference; fileEncoding = 4; lastKnownFileType = sourcecode.c.objc; path = MultiplicationProblemGenerator.m; sourceTree = "<group>"; };
		4A0D11231332DA7200507127 /* RandomNumberGenerator.h */ = {isa = PBXFileReference; fileEncoding = 4; lastKnownFileType = sourcecode.c.h; path = RandomNumberGenerator.h; sourceTree = "<group>"; };
		4A0D11241332DA7200507127 /* RandomNumberGenerator.m */ = {isa = PBXFileReference; fileEncoding = 4; lastKnownFileType = sourcecode.c.objc; path = RandomNumberGenerator.m; sourceTree = "<group>"; };
		4A0D11271332E7CD00507127 /* ProblemDifficulty.h */ = {isa = PBXFileReference; fileEncoding = 4; lastKnownFileType = sourcecode.c.h; path = ProblemDifficulty.h; sourceTree = "<group>"; };
		4A0D11281332FAE500507127 /* MultiplicationExam.h */ = {isa = PBXFileReference; fileEncoding = 4; lastKnownFileType = sourcecode.c.h; path = MultiplicationExam.h; sourceTree = "<group>"; };
		4A0D11291332FAE500507127 /* MultiplicationExam.m */ = {isa = PBXFileReference; fileEncoding = 4; lastKnownFileType = sourcecode.c.objc; path = MultiplicationExam.m; sourceTree = "<group>"; };
		4A0D112B1332FDD900507127 /* ProblemGenerators.h */ = {isa = PBXFileReference; fileEncoding = 4; lastKnownFileType = sourcecode.c.h; path = ProblemGenerators.h; sourceTree = "<group>"; };
		4A0D112C1332FDF500507127 /* Exams.h */ = {isa = PBXFileReference; fileEncoding = 4; lastKnownFileType = sourcecode.c.h; path = Exams.h; sourceTree = "<group>"; };
		4A0D112D1333193F00507127 /* InversionProblemGenerator.h */ = {isa = PBXFileReference; fileEncoding = 4; lastKnownFileType = sourcecode.c.h; path = InversionProblemGenerator.h; sourceTree = "<group>"; };
		4A0D112E1333193F00507127 /* InversionProblemGenerator.m */ = {isa = PBXFileReference; fileEncoding = 4; lastKnownFileType = sourcecode.c.objc; path = InversionProblemGenerator.m; sourceTree = "<group>"; };
		4A0D11301333D16E00507127 /* InversionExam.h */ = {isa = PBXFileReference; fileEncoding = 4; lastKnownFileType = sourcecode.c.h; path = InversionExam.h; sourceTree = "<group>"; };
		4A0D11311333D16E00507127 /* InversionExam.m */ = {isa = PBXFileReference; fileEncoding = 4; lastKnownFileType = sourcecode.c.objc; path = InversionExam.m; sourceTree = "<group>"; };
		4A223D90133193BC0014A592 /* NumberFormatterFactory.h */ = {isa = PBXFileReference; fileEncoding = 4; lastKnownFileType = sourcecode.c.h; path = NumberFormatterFactory.h; sourceTree = "<group>"; };
		4A223D91133193BC0014A592 /* NumberFormatterFactory.m */ = {isa = PBXFileReference; fileEncoding = 4; lastKnownFileType = sourcecode.c.objc; path = NumberFormatterFactory.m; sourceTree = "<group>"; };
		4A7613ED13341DFC008FCBD1 /* SimpleSquaresProblemGenerator.h */ = {isa = PBXFileReference; fileEncoding = 4; lastKnownFileType = sourcecode.c.h; path = SimpleSquaresProblemGenerator.h; sourceTree = "<group>"; };
		4A7613EE13341DFC008FCBD1 /* SimpleSquaresProblemGenerator.m */ = {isa = PBXFileReference; fileEncoding = 4; lastKnownFileType = sourcecode.c.objc; path = SimpleSquaresProblemGenerator.m; sourceTree = "<group>"; };
		4A7613F11334249A008FCBD1 /* CompoundFractionsProblemGenerator.h */ = {isa = PBXFileReference; fileEncoding = 4; lastKnownFileType = sourcecode.c.h; path = CompoundFractionsProblemGenerator.h; sourceTree = "<group>"; };
		4A7613F21334249A008FCBD1 /* CompoundFractionsProblemGenerator.m */ = {isa = PBXFileReference; fileEncoding = 4; lastKnownFileType = sourcecode.c.objc; path = CompoundFractionsProblemGenerator.m; sourceTree = "<group>"; };
		4A7613F713342AF0008FCBD1 /* CompoundFractionsExam.h */ = {isa = PBXFileReference; fileEncoding = 4; lastKnownFileType = sourcecode.c.h; path = CompoundFractionsExam.h; sourceTree = "<group>"; };
		4A7613F813342AF0008FCBD1 /* CompoundFractionsExam.m */ = {isa = PBXFileReference; fileEncoding = 4; lastKnownFileType = sourcecode.c.objc; path = CompoundFractionsExam.m; sourceTree = "<group>"; };
		4A7613FA13342B27008FCBD1 /* SimpleSquaresExam.h */ = {isa = PBXFileReference; fileEncoding = 4; lastKnownFileType = sourcecode.c.h; path = SimpleSquaresExam.h; sourceTree = "<group>"; };
		4A7613FB13342B27008FCBD1 /* SimpleSquaresExam.m */ = {isa = PBXFileReference; fileEncoding = 4; lastKnownFileType = sourcecode.c.objc; path = SimpleSquaresExam.m; sourceTree = "<group>"; };
		4A8452471337034E00D97967 /* PowersProblemGenerator.h */ = {isa = PBXFileReference; fileEncoding = 4; name = PowersProblemGenerator.h; path = SlideRuleCoach.xcodeproj/PowersProblemGenerator.h; sourceTree = SOURCE_ROOT; };
		4A8452481337034E00D97967 /* PowersProblemGenerator.m */ = {isa = PBXFileReference; fileEncoding = 4; lastKnownFileType = sourcecode.c.objc; name = PowersProblemGenerator.m; path = SlideRuleCoach.xcodeproj/PowersProblemGenerator.m; sourceTree = SOURCE_ROOT; };
		4A8FFC2E133039D60083C5FA /* ProblemGenerator.h */ = {isa = PBXFileReference; fileEncoding = 4; lastKnownFileType = sourcecode.c.h; path = ProblemGenerator.h; sourceTree = "<group>"; };
		4A8FFC2F133039D60083C5FA /* ProblemGenerator.m */ = {isa = PBXFileReference; fileEncoding = 4; lastKnownFileType = sourcecode.c.objc; path = ProblemGenerator.m; sourceTree = "<group>"; };
		4A9703CA132F1EF000EE1263 /* SlideRuleCoach.app */ = {isa = PBXFileReference; explicitFileType = wrapper.application; includeInIndex = 0; path = SlideRuleCoach.app; sourceTree = BUILT_PRODUCTS_DIR; };
		4A9703CE132F1EF000EE1263 /* UIKit.framework */ = {isa = PBXFileReference; lastKnownFileType = wrapper.framework; name = UIKit.framework; path = System/Library/Frameworks/UIKit.framework; sourceTree = SDKROOT; };
		4A9703D0132F1EF000EE1263 /* Foundation.framework */ = {isa = PBXFileReference; lastKnownFileType = wrapper.framework; name = Foundation.framework; path = System/Library/Frameworks/Foundation.framework; sourceTree = SDKROOT; };
		4A9703D2132F1EF000EE1263 /* CoreGraphics.framework */ = {isa = PBXFileReference; lastKnownFileType = wrapper.framework; name = CoreGraphics.framework; path = System/Library/Frameworks/CoreGraphics.framework; sourceTree = SDKROOT; };
		4A9703D6132F1EF000EE1263 /* SlideRuleCoach-Info.plist */ = {isa = PBXFileReference; lastKnownFileType = text.plist.xml; path = "SlideRuleCoach-Info.plist"; sourceTree = "<group>"; };
		4A9703D8132F1EF000EE1263 /* en */ = {isa = PBXFileReference; lastKnownFileType = text.plist.strings; name = en; path = en.lproj/InfoPlist.strings; sourceTree = "<group>"; };
		4A9703DA132F1EF000EE1263 /* SlideRuleCoach-Prefix.pch */ = {isa = PBXFileReference; lastKnownFileType = sourcecode.c.h; path = "SlideRuleCoach-Prefix.pch"; sourceTree = "<group>"; };
		4A9703DB132F1EF000EE1263 /* main.m */ = {isa = PBXFileReference; lastKnownFileType = sourcecode.c.objc; path = main.m; sourceTree = "<group>"; };
		4A9703DD132F1EF000EE1263 /* SlideRuleCoachAppDelegate.h */ = {isa = PBXFileReference; lastKnownFileType = sourcecode.c.h; path = SlideRuleCoachAppDelegate.h; sourceTree = "<group>"; };
		4A9703DE132F1EF000EE1263 /* SlideRuleCoachAppDelegate.m */ = {isa = PBXFileReference; lastKnownFileType = sourcecode.c.objc; path = SlideRuleCoachAppDelegate.m; sourceTree = "<group>"; };
		4A9703E1132F1EF000EE1263 /* en */ = {isa = PBXFileReference; lastKnownFileType = file.xib; name = en; path = en.lproj/MainWindow.xib; sourceTree = "<group>"; };
		4A9703E3132F1EF000EE1263 /* RootViewController.h */ = {isa = PBXFileReference; lastKnownFileType = sourcecode.c.h; path = RootViewController.h; sourceTree = "<group>"; };
		4A9703E4132F1EF000EE1263 /* RootViewController.m */ = {isa = PBXFileReference; lastKnownFileType = sourcecode.c.objc; path = RootViewController.m; sourceTree = "<group>"; };
		4A9703E7132F1EF000EE1263 /* en */ = {isa = PBXFileReference; lastKnownFileType = file.xib; name = en; path = en.lproj/RootViewController.xib; sourceTree = "<group>"; };
		4A9703F4132F23A400EE1263 /* Exam.h */ = {isa = PBXFileReference; fileEncoding = 4; lastKnownFileType = sourcecode.c.h; path = Exam.h; sourceTree = "<group>"; };
		4A9703F5132F23A400EE1263 /* Exam.m */ = {isa = PBXFileReference; fileEncoding = 4; lastKnownFileType = sourcecode.c.objc; path = Exam.m; sourceTree = "<group>"; };
		4A9703F7132F28F400EE1263 /* Problem.h */ = {isa = PBXFileReference; fileEncoding = 4; lastKnownFileType = sourcecode.c.h; path = Problem.h; sourceTree = "<group>"; };
		4A9703F8132F28F400EE1263 /* Problem.m */ = {isa = PBXFileReference; fileEncoding = 4; lastKnownFileType = sourcecode.c.objc; path = Problem.m; sourceTree = "<group>"; };
		4ABF5ABB13343FA500DF4D06 /* ProblemHelpViewController.h */ = {isa = PBXFileReference; fileEncoding = 4; lastKnownFileType = sourcecode.c.h; path = ProblemHelpViewController.h; sourceTree = "<group>"; };
		4ABF5ABC13343FA500DF4D06 /* ProblemHelpViewController.m */ = {isa = PBXFileReference; fileEncoding = 4; lastKnownFileType = sourcecode.c.objc; path = ProblemHelpViewController.m; sourceTree = "<group>"; };
		4ABF5ABD13343FA500DF4D06 /* ProblemHelpViewController.xib */ = {isa = PBXFileReference; fileEncoding = 4; lastKnownFileType = file.xib; path = ProblemHelpViewController.xib; sourceTree = "<group>"; };
		4ABF5AC0133442D500DF4D06 /* ProblemNotesViewController.h */ = {isa = PBXFileReference; fileEncoding = 4; lastKnownFileType = sourcecode.c.h; path = ProblemNotesViewController.h; sourceTree = "<group>"; };
		4ABF5AC1133442D500DF4D06 /* ProblemNotesViewController.m */ = {isa = PBXFileReference; fileEncoding = 4; lastKnownFileType = sourcecode.c.objc; path = ProblemNotesViewController.m; sourceTree = "<group>"; };
		4ABF5AC2133442D500DF4D06 /* ProblemNotesViewController.xib */ = {isa = PBXFileReference; fileEncoding = 4; lastKnownFileType = file.xib; path = ProblemNotesViewController.xib; sourceTree = "<group>"; };
		4ACBF0E813306DE50059BF4C /* Proctor.h */ = {isa = PBXFileReference; fileEncoding = 4; lastKnownFileType = sourcecode.c.h; path = Proctor.h; sourceTree = "<group>"; };
		4ACBF0E913306DE50059BF4C /* Proctor.m */ = {isa = PBXFileReference; fileEncoding = 4; lastKnownFileType = sourcecode.c.objc; path = Proctor.m; sourceTree = "<group>"; };
		4ACBF0F213307CDD0059BF4C /* ProblemViewController.h */ = {isa = PBXFileReference; fileEncoding = 4; lastKnownFileType = sourcecode.c.h; path = ProblemViewController.h; sourceTree = "<group>"; };
		4ACBF0F313307CDD0059BF4C /* ProblemViewController.m */ = {isa = PBXFileReference; fileEncoding = 4; lastKnownFileType = sourcecode.c.objc; path = ProblemViewController.m; sourceTree = "<group>"; };
		4ACBF0F413307CDD0059BF4C /* ProblemViewController.xib */ = {isa = PBXFileReference; fileEncoding = 4; lastKnownFileType = file.xib; path = ProblemViewController.xib; sourceTree = "<group>"; };
/* End PBXFileReference section */

/* Begin PBXFrameworksBuildPhase section */
		4A9703C7132F1EEF00EE1263 /* Frameworks */ = {
			isa = PBXFrameworksBuildPhase;
			buildActionMask = 2147483647;
			files = (
				4A9703CF132F1EF000EE1263 /* UIKit.framework in Frameworks */,
				4A9703D1132F1EF000EE1263 /* Foundation.framework in Frameworks */,
				4A9703D3132F1EF000EE1263 /* CoreGraphics.framework in Frameworks */,
			);
			runOnlyForDeploymentPostprocessing = 0;
		};
/* End PBXFrameworksBuildPhase section */

/* Begin PBXGroup section */
		4A0D111E1332D28A00507127 /* Exams */ = {
			isa = PBXGroup;
			children = (
				4A0D112C1332FDF500507127 /* Exams.h */,
				4A0D11281332FAE500507127 /* MultiplicationExam.h */,
				4A0D11291332FAE500507127 /* MultiplicationExam.m */,
				4A0D11301333D16E00507127 /* InversionExam.h */,
				4A0D11311333D16E00507127 /* InversionExam.m */,
				4A7613F713342AF0008FCBD1 /* CompoundFractionsExam.h */,
				4A7613F813342AF0008FCBD1 /* CompoundFractionsExam.m */,
				4A7613FA13342B27008FCBD1 /* SimpleSquaresExam.h */,
				4A7613FB13342B27008FCBD1 /* SimpleSquaresExam.m */,
			);
			name = Exams;
			sourceTree = "<group>";
		};
		4A0D111F1332D29800507127 /* Problem Generators */ = {
			isa = PBXGroup;
			children = (
				4A0D112B1332FDD900507127 /* ProblemGenerators.h */,
				4A0D11201332D33500507127 /* MultiplicationProblemGenerator.h */,
				4A0D11211332D33500507127 /* MultiplicationProblemGenerator.m */,
				4A0D112D1333193F00507127 /* InversionProblemGenerator.h */,
				4A0D112E1333193F00507127 /* InversionProblemGenerator.m */,
				4A7613F11334249A008FCBD1 /* CompoundFractionsProblemGenerator.h */,
				4A7613F21334249A008FCBD1 /* CompoundFractionsProblemGenerator.m */,
				4A7613ED13341DFC008FCBD1 /* SimpleSquaresProblemGenerator.h */,
				4A7613EE13341DFC008FCBD1 /* SimpleSquaresProblemGenerator.m */,
				4A8452471337034E00D97967 /* PowersProblemGenerator.h */,
				4A8452481337034E00D97967 /* PowersProblemGenerator.m */,
			);
			name = "Problem Generators";
			sourceTree = "<group>";
		};
		4A9703BF132F1EEF00EE1263 = {
			isa = PBXGroup;
			children = (
				4A9703D4132F1EF000EE1263 /* SlideRuleCoach */,
				4A9703CD132F1EF000EE1263 /* Frameworks */,
				4A9703CB132F1EF000EE1263 /* Products */,
			);
			sourceTree = "<group>";
		};
		4A9703CB132F1EF000EE1263 /* Products */ = {
			isa = PBXGroup;
			children = (
				4A9703CA132F1EF000EE1263 /* SlideRuleCoach.app */,
			);
			name = Products;
			sourceTree = "<group>";
		};
		4A9703CD132F1EF000EE1263 /* Frameworks */ = {
			isa = PBXGroup;
			children = (
				4A9703CE132F1EF000EE1263 /* UIKit.framework */,
				4A9703D0132F1EF000EE1263 /* Foundation.framework */,
				4A9703D2132F1EF000EE1263 /* CoreGraphics.framework */,
			);
			name = Frameworks;
			sourceTree = "<group>";
		};
		4A9703D4132F1EF000EE1263 /* SlideRuleCoach */ = {
			isa = PBXGroup;
			children = (
				4A9703DD132F1EF000EE1263 /* SlideRuleCoachAppDelegate.h */,
				4A9703DE132F1EF000EE1263 /* SlideRuleCoachAppDelegate.m */,
				4A9703E0132F1EF000EE1263 /* MainWindow.xib */,
				4A9703E3132F1EF000EE1263 /* RootViewController.h */,
				4A9703E4132F1EF000EE1263 /* RootViewController.m */,
				4A9703E6132F1EF000EE1263 /* RootViewController.xib */,
				4ACBF0F213307CDD0059BF4C /* ProblemViewController.h */,
				4ACBF0F313307CDD0059BF4C /* ProblemViewController.m */,
				4ACBF0F413307CDD0059BF4C /* ProblemViewController.xib */,
				4ABF5ABB13343FA500DF4D06 /* ProblemHelpViewController.h */,
				4ABF5ABC13343FA500DF4D06 /* ProblemHelpViewController.m */,
				4ABF5ABD13343FA500DF4D06 /* ProblemHelpViewController.xib */,
				4ABF5AC0133442D500DF4D06 /* ProblemNotesViewController.h */,
				4ABF5AC1133442D500DF4D06 /* ProblemNotesViewController.m */,
				4ABF5AC2133442D500DF4D06 /* ProblemNotesViewController.xib */,
				4ABF5AB713343EA500DF4D06 /* Core Backend */,
				4A0D111F1332D29800507127 /* Problem Generators */,
				4A0D111E1332D28A00507127 /* Exams */,
				4A9703D5132F1EF000EE1263 /* Supporting Files */,
			);
			path = SlideRuleCoach;
			sourceTree = "<group>";
		};
		4A9703D5132F1EF000EE1263 /* Supporting Files */ = {
			isa = PBXGroup;
			children = (
				4A9703D6132F1EF000EE1263 /* SlideRuleCoach-Info.plist */,
				4A9703D7132F1EF000EE1263 /* InfoPlist.strings */,
				4A9703DA132F1EF000EE1263 /* SlideRuleCoach-Prefix.pch */,
				4A9703DB132F1EF000EE1263 /* main.m */,
				4A0D111B1332C8F900507127 /* README.txt */,
			);
			name = "Supporting Files";
			sourceTree = "<group>";
		};
		4ABF5AB713343EA500DF4D06 /* Core Backend */ = {
			isa = PBXGroup;
			children = (
				4ACBF0E813306DE50059BF4C /* Proctor.h */,
				4ACBF0E913306DE50059BF4C /* Proctor.m */,
				4A9703F4132F23A400EE1263 /* Exam.h */,
				4A9703F5132F23A400EE1263 /* Exam.m */,
				4A9703F7132F28F400EE1263 /* Problem.h */,
				4A9703F8132F28F400EE1263 /* Problem.m */,
				4A0D11271332E7CD00507127 /* ProblemDifficulty.h */,
				4A8FFC2E133039D60083C5FA /* ProblemGenerator.h */,
				4A8FFC2F133039D60083C5FA /* ProblemGenerator.m */,
				4A223D90133193BC0014A592 /* NumberFormatterFactory.h */,
				4A223D91133193BC0014A592 /* NumberFormatterFactory.m */,
				4A0D11231332DA7200507127 /* RandomNumberGenerator.h */,
				4A0D11241332DA7200507127 /* RandomNumberGenerator.m */,
			);
			name = "Core Backend";
			sourceTree = "<group>";
		};
/* End PBXGroup section */

/* Begin PBXNativeTarget section */
		4A9703C9132F1EEF00EE1263 /* SlideRuleCoach */ = {
			isa = PBXNativeTarget;
			buildConfigurationList = 4A9703EB132F1EF000EE1263 /* Build configuration list for PBXNativeTarget "SlideRuleCoach" */;
			buildPhases = (
				4A9703C6132F1EEF00EE1263 /* Sources */,
				4A9703C7132F1EEF00EE1263 /* Frameworks */,
				4A9703C8132F1EEF00EE1263 /* Resources */,
			);
			buildRules = (
			);
			dependencies = (
			);
			name = SlideRuleCoach;
			productName = SlideRuleCoach;
			productReference = 4A9703CA132F1EF000EE1263 /* SlideRuleCoach.app */;
			productType = "com.apple.product-type.application";
		};
/* End PBXNativeTarget section */

/* Begin PBXProject section */
		4A9703C1132F1EEF00EE1263 /* Project object */ = {
			isa = PBXProject;
			buildConfigurationList = 4A9703C4132F1EEF00EE1263 /* Build configuration list for PBXProject "SlideRuleCoach" */;
			compatibilityVersion = "Xcode 3.2";
			developmentRegion = English;
			hasScannedForEncodings = 0;
			knownRegions = (
				en,
			);
			mainGroup = 4A9703BF132F1EEF00EE1263;
			productRefGroup = 4A9703CB132F1EF000EE1263 /* Products */;
			projectDirPath = "";
			projectRoot = "";
			targets = (
				4A9703C9132F1EEF00EE1263 /* SlideRuleCoach */,
			);
		};
/* End PBXProject section */

/* Begin PBXResourcesBuildPhase section */
		4A9703C8132F1EEF00EE1263 /* Resources */ = {
			isa = PBXResourcesBuildPhase;
			buildActionMask = 2147483647;
			files = (
				4A9703D9132F1EF000EE1263 /* InfoPlist.strings in Resources */,
				4A9703E2132F1EF000EE1263 /* MainWindow.xib in Resources */,
				4A9703E8132F1EF000EE1263 /* RootViewController.xib in Resources */,
				4ACBF0F613307CDE0059BF4C /* ProblemViewController.xib in Resources */,
				4A0D111C1332C8F900507127 /* README.txt in Resources */,
				4ABF5ABF13343FA500DF4D06 /* ProblemHelpViewController.xib in Resources */,
				4ABF5AC4133442D600DF4D06 /* ProblemNotesViewController.xib in Resources */,
			);
			runOnlyForDeploymentPostprocessing = 0;
		};
/* End PBXResourcesBuildPhase section */

/* Begin PBXSourcesBuildPhase section */
		4A9703C6132F1EEF00EE1263 /* Sources */ = {
			isa = PBXSourcesBuildPhase;
			buildActionMask = 2147483647;
			files = (
				4A9703DC132F1EF000EE1263 /* main.m in Sources */,
				4A9703DF132F1EF000EE1263 /* SlideRuleCoachAppDelegate.m in Sources */,
				4A9703E5132F1EF000EE1263 /* RootViewController.m in Sources */,
				4A9703F6132F23A400EE1263 /* Exam.m in Sources */,
				4A9703F9132F28F400EE1263 /* Problem.m in Sources */,
				4A8FFC30133039D60083C5FA /* ProblemGenerator.m in Sources */,
				4ACBF0EA13306DE50059BF4C /* Proctor.m in Sources */,
				4ACBF0F513307CDE0059BF4C /* ProblemViewController.m in Sources */,
				4A223D92133193BC0014A592 /* NumberFormatterFactory.m in Sources */,
				4A0D11221332D33500507127 /* MultiplicationProblemGenerator.m in Sources */,
				4A0D11251332DA7300507127 /* RandomNumberGenerator.m in Sources */,
				4A0D112A1332FAE500507127 /* MultiplicationExam.m in Sources */,
				4A0D112F1333193F00507127 /* InversionProblemGenerator.m in Sources */,
				4A0D11321333D16F00507127 /* InversionExam.m in Sources */,
				4A7613EF13341DFC008FCBD1 /* SimpleSquaresProblemGenerator.m in Sources */,
				4A7613F31334249A008FCBD1 /* CompoundFractionsProblemGenerator.m in Sources */,
				4A7613F913342AF1008FCBD1 /* CompoundFractionsExam.m in Sources */,
				4A7613FC13342B28008FCBD1 /* SimpleSquaresExam.m in Sources */,
				4ABF5ABE13343FA500DF4D06 /* ProblemHelpViewController.m in Sources */,
				4ABF5AC3133442D600DF4D06 /* ProblemNotesViewController.m in Sources */,
				4A8452491337034E00D97967 /* PowersProblemGenerator.m in Sources */,
			);
			runOnlyForDeploymentPostprocessing = 0;
		};
/* End PBXSourcesBuildPhase section */

/* Begin PBXVariantGroup section */
		4A9703D7132F1EF000EE1263 /* InfoPlist.strings */ = {
			isa = PBXVariantGroup;
			children = (
				4A9703D8132F1EF000EE1263 /* en */,
			);
			name = InfoPlist.strings;
			sourceTree = "<group>";
		};
		4A9703E0132F1EF000EE1263 /* MainWindow.xib */ = {
			isa = PBXVariantGroup;
			children = (
				4A9703E1132F1EF000EE1263 /* en */,
			);
			name = MainWindow.xib;
			sourceTree = "<group>";
		};
		4A9703E6132F1EF000EE1263 /* RootViewController.xib */ = {
			isa = PBXVariantGroup;
			children = (
				4A9703E7132F1EF000EE1263 /* en */,
			);
			name = RootViewController.xib;
			sourceTree = "<group>";
		};
/* End PBXVariantGroup section */

/* Begin XCBuildConfiguration section */
		4A9703E9132F1EF000EE1263 /* Debug */ = {
			isa = XCBuildConfiguration;
			buildSettings = {
				ARCHS = "$(ARCHS_STANDARD_32_BIT)";
				"CODE_SIGN_IDENTITY[sdk=iphoneos*]" = "iPhone Developer";
				GCC_C_LANGUAGE_STANDARD = gnu99;
				GCC_OPTIMIZATION_LEVEL = 0;
				GCC_PREPROCESSOR_DEFINITIONS = DEBUG;
				GCC_SYMBOLS_PRIVATE_EXTERN = NO;
				GCC_VERSION = com.apple.compilers.llvmgcc42;
				GCC_WARN_ABOUT_RETURN_TYPE = YES;
				GCC_WARN_UNUSED_VARIABLE = YES;
				IPHONEOS_DEPLOYMENT_TARGET = 4.3;
				SDKROOT = iphoneos;
			};
			name = Debug;
		};
		4A9703EA132F1EF000EE1263 /* Release */ = {
			isa = XCBuildConfiguration;
			buildSettings = {
				ARCHS = "$(ARCHS_STANDARD_32_BIT)";
				"CODE_SIGN_IDENTITY[sdk=iphoneos*]" = "iPhone Developer";
				GCC_C_LANGUAGE_STANDARD = gnu99;
				GCC_VERSION = com.apple.compilers.llvmgcc42;
				GCC_WARN_ABOUT_RETURN_TYPE = YES;
				GCC_WARN_UNUSED_VARIABLE = YES;
				IPHONEOS_DEPLOYMENT_TARGET = 4.3;
				OTHER_CFLAGS = "-DNS_BLOCK_ASSERTIONS=1";
				SDKROOT = iphoneos;
			};
			name = Release;
		};
		4A9703EC132F1EF000EE1263 /* Debug */ = {
			isa = XCBuildConfiguration;
			buildSettings = {
				ALWAYS_SEARCH_USER_PATHS = NO;
				COPY_PHASE_STRIP = NO;
				GCC_DYNAMIC_NO_PIC = NO;
				GCC_PRECOMPILE_PREFIX_HEADER = YES;
				GCC_PREFIX_HEADER = "SlideRuleCoach/SlideRuleCoach-Prefix.pch";
				INFOPLIST_FILE = "SlideRuleCoach/SlideRuleCoach-Info.plist";
				PRODUCT_NAME = "$(TARGET_NAME)";
				WRAPPER_EXTENSION = app;
			};
			name = Debug;
		};
		4A9703ED132F1EF000EE1263 /* Release */ = {
			isa = XCBuildConfiguration;
			buildSettings = {
				ALWAYS_SEARCH_USER_PATHS = NO;
				COPY_PHASE_STRIP = YES;
				GCC_PRECOMPILE_PREFIX_HEADER = YES;
				GCC_PREFIX_HEADER = "SlideRuleCoach/SlideRuleCoach-Prefix.pch";
				INFOPLIST_FILE = "SlideRuleCoach/SlideRuleCoach-Info.plist";
				PRODUCT_NAME = "$(TARGET_NAME)";
				VALIDATE_PRODUCT = YES;
				WRAPPER_EXTENSION = app;
			};
			name = Release;
		};
/* End XCBuildConfiguration section */

/* Begin XCConfigurationList section */
		4A9703C4132F1EEF00EE1263 /* Build configuration list for PBXProject "SlideRuleCoach" */ = {
			isa = XCConfigurationList;
			buildConfigurations = (
				4A9703E9132F1EF000EE1263 /* Debug */,
				4A9703EA132F1EF000EE1263 /* Release */,
			);
			defaultConfigurationIsVisible = 0;
			defaultConfigurationName = Release;
		};
		4A9703EB132F1EF000EE1263 /* Build configuration list for PBXNativeTarget "SlideRuleCoach" */ = {
			isa = XCConfigurationList;
			buildConfigurations = (
				4A9703EC132F1EF000EE1263 /* Debug */,
				4A9703ED132F1EF000EE1263 /* Release */,
			);
			defaultConfigurationIsVisible = 0;
			defaultConfigurationName = Release;
		};
/* End XCConfigurationList section */
	};
	rootObject = 4A9703C1132F1EEF00EE1263 /* Project object */;
}
